
Microsoft Visual Studio Solution File, Format Version 12.00
# Visual Studio Version 16
VisualStudioVersion = 16.0.31729.503
MinimumVisualStudioVersion = 10.0.40219.1
Project("{FAE04EC0-301F-11D3-BF4B-00C04F79EFBC}") = "DroughtPatch", "DroughtPatch\DroughtPatch.csproj", "{BECC5AE1-24F1-4C75-A95D-23FB144445FD}"
EndProject
Global
	GlobalSection(SolutionConfigurationPlatforms) = preSolution
		Debug|Any CPU = Debug|Any CPU
		Release|Any CPU = Release|Any CPU
	EndGlobalSection
	GlobalSection(ProjectConfigurationPlatforms) = postSolution
		{BECC5AE1-24F1-4C75-A95D-23FB144445FD}.Debug|Any CPU.ActiveCfg = Debug|Any CPU
		{BECC5AE1-24F1-4C75-A95D-23FB144445FD}.Debug|Any CPU.Build.0 = Debug|Any CPU
		{BECC5AE1-24F1-4C75-A95D-23FB144445FD}.Release|Any CPU.ActiveCfg = Release|Any CPU
		{BECC5AE1-24F1-4C75-A95D-23FB144445FD}.Release|Any CPU.Build.0 = Release|Any CPU
	EndGlobalSection
	GlobalSection(SolutionProperties) = preSolution
		HideSolutionNode = FALSE
	EndGlobalSection
	GlobalSection(ExtensibilityGlobals) = postSolution
		SolutionGuid = {944C9D6D-A39C-4FB1-92BE-5D4E50284DEB}
	EndGlobalSection
EndGlobal
